# This file is automatically @generated by Poetry 2.1.3 and should not be changed by hand.

[[package]]
name = "minecraft-remote-api"
version = "1214.10.13"
description = "Python Client-API for Minecraft Remote or mc-remote"
optional = false
python-versions = ">=3.8"
groups = ["main"]
files = [
    {file = "minecraft_remote_api-1214.10.13-py3-none-any.whl", hash = "sha256:ae7a910182b9de90658c6a7b8f928f3a257bbbdce1fe005c23364a7ea5b9a6ae"},
    {file = "minecraft_remote_api-1214.10.13.tar.gz", hash = "sha256:0e62439f502ad690ac25301fe4efe22401838ba80c8a76aeb7c54079e76c6745"},
]

[metadata]
lock-version = "2.1"
python-versions = ">=3.11"
content-hash = "8de793225691f76ee9def8745ee26addeb9726e378306e745a6ae68591f9d212"
